
Microsoft Visual Studio Solution File, Format Version 12.00
# Visual Studio 15
VisualStudioVersion = 15.0.27703.2042
MinimumVisualStudioVersion = 10.0.40219.1
Project("{FAE04EC0-301F-11D3-BF4B-00C04F79EFBC}") = "oop-lab-12", "oop-lab-12\oop-lab-12.csproj", "{0E1BB08D-D498-4D75-9844-F998AA94D778}"
EndProject
Global
	GlobalSection(SolutionConfigurationPlatforms) = preSolution
		Debug|Any CPU = Debug|Any CPU
		Release|Any CPU = Release|Any CPU
	EndGlobalSection
	GlobalSection(ProjectConfigurationPlatforms) = postSolution
		{0E1BB08D-D498-4D75-9844-F998AA94D778}.Debug|Any CPU.ActiveCfg = Debug|Any CPU
		{0E1BB08D-D498-4D75-9844-F998AA94D778}.Debug|Any CPU.Build.0 = Debug|Any CPU
		{0E1BB08D-D498-4D75-9844-F998AA94D778}.Release|Any CPU.ActiveCfg = Release|Any CPU
		{0E1BB08D-D498-4D75-9844-F998AA94D778}.Release|Any CPU.Build.0 = Release|Any CPU
	EndGlobalSection
	GlobalSection(SolutionProperties) = preSolution
		HideSolutionNode = FALSE
	EndGlobalSection
	GlobalSection(ExtensibilityGlobals) = postSolution
		SolutionGuid = {00FFDBB4-9FC2-43BA-8578-D0BC1C5D5113}
	EndGlobalSection
EndGlobal
